
Microsoft Visual Studio Solution File, Format Version 12.00
# Visual Studio Version 17
VisualStudioVersion = 17.9.34622.214
MinimumVisualStudioVersion = 10.0.40219.1
Project("{9A19103F-16F7-4668-BE54-9A1E7A4F7556}") = "DemoMS.Service.Catalog", "DemoMS.Service\DemoMS.Service.Catalog.csproj", "{EE803D7B-6808-4287-8A70-AFF340DE061A}"
EndProject
Project("{9A19103F-16F7-4668-BE54-9A1E7A4F7556}") = "DemoMS.Service.Common", "DemoMS.Service.Common\DemoMS.Service.Common.csproj", "{F31F3198-5298-4EF2-9750-69481326B4D2}"
EndProject
Project("{9A19103F-16F7-4668-BE54-9A1E7A4F7556}") = "DemoMS.Service.Inventory", "DemoMS.Service.Inventory\DemoMS.Service.Inventory.csproj", "{C384BC14-0CE1-47C0-9E2B-4430F3E82A7A}"
EndProject
Project("{FAE04EC0-301F-11D3-BF4B-00C04F79EFBC}") = "DemoMS.Service.Contracts", "DemoMS.Service.Contracts\DemoMS.Service.Contracts.csproj", "{8D1BB2AA-2374-458C-8EE4-88A9D54880FA}"
EndProject
Global
	GlobalSection(SolutionConfigurationPlatforms) = preSolution
		Debug|Any CPU = Debug|Any CPU
		Release|Any CPU = Release|Any CPU
	EndGlobalSection
	GlobalSection(ProjectConfigurationPlatforms) = postSolution
		{EE803D7B-6808-4287-8A70-AFF340DE061A}.Debug|Any CPU.ActiveCfg = Debug|Any CPU
		{EE803D7B-6808-4287-8A70-AFF340DE061A}.Debug|Any CPU.Build.0 = Debug|Any CPU
		{EE803D7B-6808-4287-8A70-AFF340DE061A}.Release|Any CPU.ActiveCfg = Release|Any CPU
		{EE803D7B-6808-4287-8A70-AFF340DE061A}.Release|Any CPU.Build.0 = Release|Any CPU
		{F31F3198-5298-4EF2-9750-69481326B4D2}.Debug|Any CPU.ActiveCfg = Debug|Any CPU
		{F31F3198-5298-4EF2-9750-69481326B4D2}.Debug|Any CPU.Build.0 = Debug|Any CPU
		{F31F3198-5298-4EF2-9750-69481326B4D2}.Release|Any CPU.ActiveCfg = Release|Any CPU
		{F31F3198-5298-4EF2-9750-69481326B4D2}.Release|Any CPU.Build.0 = Release|Any CPU
		{C384BC14-0CE1-47C0-9E2B-4430F3E82A7A}.Debug|Any CPU.ActiveCfg = Debug|Any CPU
		{C384BC14-0CE1-47C0-9E2B-4430F3E82A7A}.Debug|Any CPU.Build.0 = Debug|Any CPU
		{C384BC14-0CE1-47C0-9E2B-4430F3E82A7A}.Release|Any CPU.ActiveCfg = Release|Any CPU
		{C384BC14-0CE1-47C0-9E2B-4430F3E82A7A}.Release|Any CPU.Build.0 = Release|Any CPU
		{8D1BB2AA-2374-458C-8EE4-88A9D54880FA}.Debug|Any CPU.ActiveCfg = Debug|Any CPU
		{8D1BB2AA-2374-458C-8EE4-88A9D54880FA}.Debug|Any CPU.Build.0 = Debug|Any CPU
		{8D1BB2AA-2374-458C-8EE4-88A9D54880FA}.Release|Any CPU.ActiveCfg = Release|Any CPU
		{8D1BB2AA-2374-458C-8EE4-88A9D54880FA}.Release|Any CPU.Build.0 = Release|Any CPU
	EndGlobalSection
	GlobalSection(SolutionProperties) = preSolution
		HideSolutionNode = FALSE
	EndGlobalSection
	GlobalSection(ExtensibilityGlobals) = postSolution
		SolutionGuid = {572F8FD9-8AA0-4643-8FA2-CCB48B62D378}
	EndGlobalSection
EndGlobal
